
Microsoft Visual Studio Solution File, Format Version 12.00
# Visual Studio 2013
VisualStudioVersion = 12.0.21005.1
MinimumVisualStudioVersion = 10.0.40219.1
Project("{FAE04EC0-301F-11D3-BF4B-00C04F79EFBC}") = "Box.V2.Metadata", "Box.V2.Metadata\Box.V2.Metadata.csproj", "{15E122EC-B43B-4105-884E-F1DB97B3C7C8}"
EndProject
Project("{FAE04EC0-301F-11D3-BF4B-00C04F79EFBC}") = "Box.V2.Metadata.Test", "Box.V2.Metadata.Test\Box.V2.Metadata.Test.csproj", "{344EFB3E-80DB-414F-9396-EED8D9551FBA}"
EndProject
Global
	GlobalSection(SolutionConfigurationPlatforms) = preSolution
		Debug|Any CPU = Debug|Any CPU
		Release|Any CPU = Release|Any CPU
	EndGlobalSection
	GlobalSection(ProjectConfigurationPlatforms) = postSolution
		{15E122EC-B43B-4105-884E-F1DB97B3C7C8}.Debug|Any CPU.ActiveCfg = Debug|Any CPU
		{15E122EC-B43B-4105-884E-F1DB97B3C7C8}.Debug|Any CPU.Build.0 = Debug|Any CPU
		{15E122EC-B43B-4105-884E-F1DB97B3C7C8}.Release|Any CPU.ActiveCfg = Release|Any CPU
		{15E122EC-B43B-4105-884E-F1DB97B3C7C8}.Release|Any CPU.Build.0 = Release|Any CPU
		{344EFB3E-80DB-414F-9396-EED8D9551FBA}.Debug|Any CPU.ActiveCfg = Debug|Any CPU
		{344EFB3E-80DB-414F-9396-EED8D9551FBA}.Debug|Any CPU.Build.0 = Debug|Any CPU
		{344EFB3E-80DB-414F-9396-EED8D9551FBA}.Release|Any CPU.ActiveCfg = Release|Any CPU
		{344EFB3E-80DB-414F-9396-EED8D9551FBA}.Release|Any CPU.Build.0 = Release|Any CPU
	EndGlobalSection
	GlobalSection(SolutionProperties) = preSolution
		HideSolutionNode = FALSE
	EndGlobalSection
EndGlobal
